{
  "name": "guest-code",
  "version": "1.0.0",
  "lockfileVersion": 1,
  "requires": true,
  "dependencies": {
    "dev-dep": {
      "version": "file:../dependencies/dev-dep",
      "dev": true,
      "requires": {
        "format": "0.2.2",
        "shared-dep": "file:../dependencies/shared-dep"
      },
      "dependencies": {
        "format": {
          "version": "0.2.2",
          "bundled": true,
          "dev": true
        },
        "shared-dep": {
          "version": "file:../dependencies/shared-dep",
          "bundled": true,
          "dev": true,
          "requires": {
            "indirect-dep": "file:../dependencies/indirect-dep"
          },
          "dependencies": {
            "indirect-dep": {
              "version": "file:../dependencies/indirect-dep",
              "bundled": true
            }
          }
        }
      }
    },
    "format": {
      "version": "0.2.2",
      "resolved": "https://registry.npmjs.org/format/-/format-0.2.2.tgz",
      "integrity": "sha1-1hcBB+nv3E7TDJ3DkBbflCtctYs="
    },
    "indirect-dep": {
      "version": "file:../dependencies/indirect-dep"
    },
    "main-dep": {
      "version": "file:../dependencies/main-dep",
      "requires": {
        "shared-dep": "file:../dependencies/shared-dep"
      },
      "dependencies": {
        "shared-dep": {
          "version": "file:../dependencies/shared-dep",
          "bundled": true,
          "requires": {
            "indirect-dep": "file:../dependencies/indirect-dep"
          },
          "dependencies": {
            "indirect-dep": {
              "version": "file:../dependencies/indirect-dep",
              "bundled": true
            }
          }
        }
      }
    }
  }
}
