// !$*UTF8*$!
{
	archiveVersion = 1;
	classes = {
	};
	objectVersion = 48;
	objects = {

/* Begin PBXBuildFile section */
		C537B19320A1D45B008CA398 /* Bjs.framework in Frameworks */ = {isa = PBXBuildFile; fileRef = C537B19220A1D45B008CA398 /* Bjs.framework */; };
		C559FB8A1FFEDF1300E6DEDA /* AppDelegate.swift in Sources */ = {isa = PBXBuildFile; fileRef = C559FB891FFEDF1300E6DEDA /* AppDelegate.swift */; };
		C559FB8F1FFEDF1300E6DEDA /* Main.storyboard in Resources */ = {isa = PBXBuildFile; fileRef = C559FB8D1FFEDF1300E6DEDA /* Main.storyboard */; };
		C559FB911FFEDF1300E6DEDA /* Assets.xcassets in Resources */ = {isa = PBXBuildFile; fileRef = C559FB901FFEDF1300E6DEDA /* Assets.xcassets */; };
		C559FB941FFEDF1300E6DEDA /* LaunchScreen.storyboard in Resources */ = {isa = PBXBuildFile; fileRef = C559FB921FFEDF1300E6DEDA /* LaunchScreen.storyboard */; };
		C58737E7200150DE008F9711 /* StringUtilsViewController.swift in Sources */ = {isa = PBXBuildFile; fileRef = C58737E6200150DE008F9711 /* StringUtilsViewController.swift */; };
/* End PBXBuildFile section */

/* Begin PBXFileReference section */
		C537B19220A1D45B008CA398 /* Bjs.framework */ = {isa = PBXFileReference; explicitFileType = wrapper.framework; path = Bjs.framework; sourceTree = BUILT_PRODUCTS_DIR; };
		C559FB861FFEDF1300E6DEDA /* BjsTestApp.app */ = {isa = PBXFileReference; explicitFileType = wrapper.application; includeInIndex = 0; path = BjsTestApp.app; sourceTree = BUILT_PRODUCTS_DIR; };
		C559FB891FFEDF1300E6DEDA /* AppDelegate.swift */ = {isa = PBXFileReference; lastKnownFileType = sourcecode.swift; path = AppDelegate.swift; sourceTree = "<group>"; };
		C559FB8E1FFEDF1300E6DEDA /* Base */ = {isa = PBXFileReference; lastKnownFileType = file.storyboard; name = Base; path = Base.lproj/Main.storyboard; sourceTree = "<group>"; };
		C559FB901FFEDF1300E6DEDA /* Assets.xcassets */ = {isa = PBXFileReference; lastKnownFileType = folder.assetcatalog; path = Assets.xcassets; sourceTree = "<group>"; };
		C559FB931FFEDF1300E6DEDA /* Base */ = {isa = PBXFileReference; lastKnownFileType = file.storyboard; name = Base; path = Base.lproj/LaunchScreen.storyboard; sourceTree = "<group>"; };
		C559FB951FFEDF1300E6DEDA /* Info.plist */ = {isa = PBXFileReference; lastKnownFileType = text.plist.xml; path = Info.plist; sourceTree = "<group>"; };
		C58737E6200150DE008F9711 /* StringUtilsViewController.swift */ = {isa = PBXFileReference; lastKnownFileType = sourcecode.swift; path = StringUtilsViewController.swift; sourceTree = "<group>"; };
/* End PBXFileReference section */

/* Begin PBXFrameworksBuildPhase section */
		C559FB831FFEDF1300E6DEDA /* Frameworks */ = {
			isa = PBXFrameworksBuildPhase;
			buildActionMask = 2147483647;
			files = (
				C537B19320A1D45B008CA398 /* Bjs.framework in Frameworks */,
			);
			runOnlyForDeploymentPostprocessing = 0;
		};
/* End PBXFrameworksBuildPhase section */

/* Begin PBXGroup section */
		C537B19120A1D45B008CA398 /* Frameworks */ = {
			isa = PBXGroup;
			children = (
				C537B19220A1D45B008CA398 /* Bjs.framework */,
			);
			name = Frameworks;
			sourceTree = "<group>";
		};
		C559FB7D1FFEDF1300E6DEDA = {
			isa = PBXGroup;
			children = (
				C559FB881FFEDF1300E6DEDA /* BjsTestApp */,
				C559FB871FFEDF1300E6DEDA /* Products */,
				C537B19120A1D45B008CA398 /* Frameworks */,
			);
			sourceTree = "<group>";
		};
		C559FB871FFEDF1300E6DEDA /* Products */ = {
			isa = PBXGroup;
			children = (
				C559FB861FFEDF1300E6DEDA /* BjsTestApp.app */,
			);
			name = Products;
			sourceTree = "<group>";
		};
		C559FB881FFEDF1300E6DEDA /* BjsTestApp */ = {
			isa = PBXGroup;
			children = (
				C559FB891FFEDF1300E6DEDA /* AppDelegate.swift */,
				C58737E6200150DE008F9711 /* StringUtilsViewController.swift */,
				C559FB8D1FFEDF1300E6DEDA /* Main.storyboard */,
				C559FB901FFEDF1300E6DEDA /* Assets.xcassets */,
				C559FB921FFEDF1300E6DEDA /* LaunchScreen.storyboard */,
				C559FB951FFEDF1300E6DEDA /* Info.plist */,
			);
			path = BjsTestApp;
			sourceTree = "<group>";
		};
/* End PBXGroup section */

/* Begin PBXNativeTarget section */
		C559FB851FFEDF1300E6DEDA /* BjsTestApp */ = {
			isa = PBXNativeTarget;
			buildConfigurationList = C559FBA31FFEDF1300E6DEDA /* Build configuration list for PBXNativeTarget "BjsTestApp" */;
			buildPhases = (
				C559FB821FFEDF1300E6DEDA /* Sources */,
				C559FB831FFEDF1300E6DEDA /* Frameworks */,
				C559FB841FFEDF1300E6DEDA /* Resources */,
			);
			buildRules = (
			);
			dependencies = (
			);
			name = BjsTestApp;
			productName = BjsTestApp;
			productReference = C559FB861FFEDF1300E6DEDA /* BjsTestApp.app */;
			productType = "com.apple.product-type.application";
		};
/* End PBXNativeTarget section */

/* Begin PBXProject section */
		C559FB7E1FFEDF1300E6DEDA /* Project object */ = {
			isa = PBXProject;
			attributes = {
				LastSwiftUpdateCheck = 0920;
				LastUpgradeCheck = 1010;
				ORGANIZATIONNAME = bionicjs.com;
				TargetAttributes = {
					C559FB851FFEDF1300E6DEDA = {
						CreatedOnToolsVersion = 9.2;
						ProvisioningStyle = Automatic;
					};
				};
			};
			buildConfigurationList = C559FB811FFEDF1300E6DEDA /* Build configuration list for PBXProject "BjsTestApp" */;
			compatibilityVersion = "Xcode 8.0";
			developmentRegion = en;
			hasScannedForEncodings = 0;
			knownRegions = (
				en,
				Base,
			);
			mainGroup = C559FB7D1FFEDF1300E6DEDA;
			productRefGroup = C559FB871FFEDF1300E6DEDA /* Products */;
			projectDirPath = "";
			projectRoot = "";
			targets = (
				C559FB851FFEDF1300E6DEDA /* BjsTestApp */,
			);
		};
/* End PBXProject section */

/* Begin PBXResourcesBuildPhase section */
		C559FB841FFEDF1300E6DEDA /* Resources */ = {
			isa = PBXResourcesBuildPhase;
			buildActionMask = 2147483647;
			files = (
				C559FB941FFEDF1300E6DEDA /* LaunchScreen.storyboard in Resources */,
				C559FB911FFEDF1300E6DEDA /* Assets.xcassets in Resources */,
				C559FB8F1FFEDF1300E6DEDA /* Main.storyboard in Resources */,
			);
			runOnlyForDeploymentPostprocessing = 0;
		};
/* End PBXResourcesBuildPhase section */

/* Begin PBXSourcesBuildPhase section */
		C559FB821FFEDF1300E6DEDA /* Sources */ = {
			isa = PBXSourcesBuildPhase;
			buildActionMask = 2147483647;
			files = (
				C58737E7200150DE008F9711 /* StringUtilsViewController.swift in Sources */,
				C559FB8A1FFEDF1300E6DEDA /* AppDelegate.swift in Sources */,
			);
			runOnlyForDeploymentPostprocessing = 0;
		};
/* End PBXSourcesBuildPhase section */

/* Begin PBXVariantGroup section */
		C559FB8D1FFEDF1300E6DEDA /* Main.storyboard */ = {
			isa = PBXVariantGroup;
			children = (
				C559FB8E1FFEDF1300E6DEDA /* Base */,
			);
			name = Main.storyboard;
			sourceTree = "<group>";
		};
		C559FB921FFEDF1300E6DEDA /* LaunchScreen.storyboard */ = {
			isa = PBXVariantGroup;
			children = (
				C559FB931FFEDF1300E6DEDA /* Base */,
			);
			name = LaunchScreen.storyboard;
			sourceTree = "<group>";
		};
/* End PBXVariantGroup section */

/* Begin XCBuildConfiguration section */
		C559FBA11FFEDF1300E6DEDA /* Debug */ = {
			isa = XCBuildConfiguration;
			buildSettings = {
				ALWAYS_SEARCH_USER_PATHS = NO;
				CLANG_ANALYZER_NONNULL = YES;
				CLANG_ANALYZER_NUMBER_OBJECT_CONVERSION = YES_AGGRESSIVE;
				CLANG_CXX_LANGUAGE_STANDARD = "gnu++14";
				CLANG_CXX_LIBRARY = "libc++";
				CLANG_ENABLE_MODULES = YES;
				CLANG_ENABLE_OBJC_ARC = YES;
				CLANG_WARN_BLOCK_CAPTURE_AUTORELEASING = YES;
				CLANG_WARN_BOOL_CONVERSION = YES;
				CLANG_WARN_COMMA = YES;
				CLANG_WARN_CONSTANT_CONVERSION = YES;
				CLANG_WARN_DEPRECATED_OBJC_IMPLEMENTATIONS = YES;
				CLANG_WARN_DIRECT_OBJC_ISA_USAGE = YES_ERROR;
				CLANG_WARN_DOCUMENTATION_COMMENTS = YES;
				CLANG_WARN_EMPTY_BODY = YES;
				CLANG_WARN_ENUM_CONVERSION = YES;
				CLANG_WARN_INFINITE_RECURSION = YES;
				CLANG_WARN_INT_CONVERSION = YES;
				CLANG_WARN_NON_LITERAL_NULL_CONVERSION = YES;
				CLANG_WARN_OBJC_IMPLICIT_RETAIN_SELF = YES;
				CLANG_WARN_OBJC_LITERAL_CONVERSION = YES;
				CLANG_WARN_OBJC_ROOT_CLASS = YES_ERROR;
				CLANG_WARN_RANGE_LOOP_ANALYSIS = YES;
				CLANG_WARN_STRICT_PROTOTYPES = YES;
				CLANG_WARN_SUSPICIOUS_MOVE = YES;
				CLANG_WARN_UNGUARDED_AVAILABILITY = YES_AGGRESSIVE;
				CLANG_WARN_UNREACHABLE_CODE = YES;
				CLANG_WARN__DUPLICATE_METHOD_MATCH = YES;
				CODE_SIGN_IDENTITY = "iPhone Developer";
				COPY_PHASE_STRIP = NO;
				DEBUG_INFORMATION_FORMAT = dwarf;
				ENABLE_STRICT_OBJC_MSGSEND = YES;
				ENABLE_TESTABILITY = YES;
				GCC_C_LANGUAGE_STANDARD = gnu11;
				GCC_DYNAMIC_NO_PIC = NO;
				GCC_NO_COMMON_BLOCKS = YES;
				GCC_OPTIMIZATION_LEVEL = 0;
				GCC_PREPROCESSOR_DEFINITIONS = (
					"DEBUG=1",
					"$(inherited)",
				);
				GCC_WARN_64_TO_32_BIT_CONVERSION = YES;
				GCC_WARN_ABOUT_RETURN_TYPE = YES_ERROR;
				GCC_WARN_UNDECLARED_SELECTOR = YES;
				GCC_WARN_UNINITIALIZED_AUTOS = YES_AGGRESSIVE;
				GCC_WARN_UNUSED_FUNCTION = YES;
				GCC_WARN_UNUSED_VARIABLE = YES;
				IPHONEOS_DEPLOYMENT_TARGET = 11.2;
				MTL_ENABLE_DEBUG_INFO = YES;
				ONLY_ACTIVE_ARCH = YES;
				SDKROOT = iphoneos;
				SWIFT_ACTIVE_COMPILATION_CONDITIONS = DEBUG;
				SWIFT_OPTIMIZATION_LEVEL = "-Onone";
			};
			name = Debug;
		};
		C559FBA21FFEDF1300E6DEDA /* Release */ = {
			isa = XCBuildConfiguration;
			buildSettings = {
				ALWAYS_SEARCH_USER_PATHS = NO;
				CLANG_ANALYZER_NONNULL = YES;
				CLANG_ANALYZER_NUMBER_OBJECT_CONVERSION = YES_AGGRESSIVE;
				CLANG_CXX_LANGUAGE_STANDARD = "gnu++14";
				CLANG_CXX_LIBRARY = "libc++";
				CLANG_ENABLE_MODULES = YES;
				CLANG_ENABLE_OBJC_ARC = YES;
				CLANG_WARN_BLOCK_CAPTURE_AUTORELEASING = YES;
				CLANG_WARN_BOOL_CONVERSION = YES;
				CLANG_WARN_COMMA = YES;
				CLANG_WARN_CONSTANT_CONVERSION = YES;
				CLANG_WARN_DEPRECATED_OBJC_IMPLEMENTATIONS = YES;
				CLANG_WARN_DIRECT_OBJC_ISA_USAGE = YES_ERROR;
				CLANG_WARN_DOCUMENTATION_COMMENTS = YES;
				CLANG_WARN_EMPTY_BODY = YES;
				CLANG_WARN_ENUM_CONVERSION = YES;
				CLANG_WARN_INFINITE_RECURSION = YES;
				CLANG_WARN_INT_CONVERSION = YES;
				CLANG_WARN_NON_LITERAL_NULL_CONVERSION = YES;
				CLANG_WARN_OBJC_IMPLICIT_RETAIN_SELF = YES;
				CLANG_WARN_OBJC_LITERAL_CONVERSION = YES;
				CLANG_WARN_OBJC_ROOT_CLASS = YES_ERROR;
				CLANG_WARN_RANGE_LOOP_ANALYSIS = YES;
				CLANG_WARN_STRICT_PROTOTYPES = YES;
				CLANG_WARN_SUSPICIOUS_MOVE = YES;
				CLANG_WARN_UNGUARDED_AVAILABILITY = YES_AGGRESSIVE;
				CLANG_WARN_UNREACHABLE_CODE = YES;
				CLANG_WARN__DUPLICATE_METHOD_MATCH = YES;
				CODE_SIGN_IDENTITY = "iPhone Developer";
				COPY_PHASE_STRIP = NO;
				DEBUG_INFORMATION_FORMAT = "dwarf-with-dsym";
				ENABLE_NS_ASSERTIONS = NO;
				ENABLE_STRICT_OBJC_MSGSEND = YES;
				GCC_C_LANGUAGE_STANDARD = gnu11;
				GCC_NO_COMMON_BLOCKS = YES;
				GCC_WARN_64_TO_32_BIT_CONVERSION = YES;
				GCC_WARN_ABOUT_RETURN_TYPE = YES_ERROR;
				GCC_WARN_UNDECLARED_SELECTOR = YES;
				GCC_WARN_UNINITIALIZED_AUTOS = YES_AGGRESSIVE;
				GCC_WARN_UNUSED_FUNCTION = YES;
				GCC_WARN_UNUSED_VARIABLE = YES;
				IPHONEOS_DEPLOYMENT_TARGET = 11.2;
				MTL_ENABLE_DEBUG_INFO = NO;
				SDKROOT = iphoneos;
				SWIFT_OPTIMIZATION_LEVEL = "-Owholemodule";
				VALIDATE_PRODUCT = YES;
			};
			name = Release;
		};
		C559FBA41FFEDF1300E6DEDA /* Debug */ = {
			isa = XCBuildConfiguration;
			buildSettings = {
				ASSETCATALOG_COMPILER_APPICON_NAME = AppIcon;
				CODE_SIGN_STYLE = Automatic;
				DEVELOPMENT_TEAM = KMT666CPC9;
				INFOPLIST_FILE = BjsTestApp/Info.plist;
				LD_RUNPATH_SEARCH_PATHS = "$(inherited) @executable_path/Frameworks";
				PRODUCT_BUNDLE_IDENTIFIER = com.bionicjs.BjsTestApp;
				PRODUCT_NAME = "$(TARGET_NAME)";
				SWIFT_VERSION = 4.0;
				TARGETED_DEVICE_FAMILY = "1,2";
			};
			name = Debug;
		};
		C559FBA51FFEDF1300E6DEDA /* Release */ = {
			isa = XCBuildConfiguration;
			buildSettings = {
				ASSETCATALOG_COMPILER_APPICON_NAME = AppIcon;
				CODE_SIGN_STYLE = Automatic;
				DEVELOPMENT_TEAM = KMT666CPC9;
				INFOPLIST_FILE = BjsTestApp/Info.plist;
				LD_RUNPATH_SEARCH_PATHS = "$(inherited) @executable_path/Frameworks";
				PRODUCT_BUNDLE_IDENTIFIER = com.bionicjs.BjsTestApp;
				PRODUCT_NAME = "$(TARGET_NAME)";
				SWIFT_VERSION = 4.0;
				TARGETED_DEVICE_FAMILY = "1,2";
			};
			name = Release;
		};
/* End XCBuildConfiguration section */

/* Begin XCConfigurationList section */
		C559FB811FFEDF1300E6DEDA /* Build configuration list for PBXProject "BjsTestApp" */ = {
			isa = XCConfigurationList;
			buildConfigurations = (
				C559FBA11FFEDF1300E6DEDA /* Debug */,
				C559FBA21FFEDF1300E6DEDA /* Release */,
			);
			defaultConfigurationIsVisible = 0;
			defaultConfigurationName = Release;
		};
		C559FBA31FFEDF1300E6DEDA /* Build configuration list for PBXNativeTarget "BjsTestApp" */ = {
			isa = XCConfigurationList;
			buildConfigurations = (
				C559FBA41FFEDF1300E6DEDA /* Debug */,
				C559FBA51FFEDF1300E6DEDA /* Release */,
			);
			defaultConfigurationIsVisible = 0;
			defaultConfigurationName = Release;
		};
/* End XCConfigurationList section */
	};
	rootObject = C559FB7E1FFEDF1300E6DEDA /* Project object */;
}
